
Microsoft Visual Studio Solution File, Format Version 12.00
# Visual Studio Version 16
VisualStudioVersion = 16.0.32929.386
MinimumVisualStudioVersion = 10.0.40219.1
Project("{FAE04EC0-301F-11D3-BF4B-00C04F79EFBC}") = "Игра-ходилка", "Игра-ходилка\Игра-ходилка.csproj", "{2AE11E68-9584-4BA2-9F7A-63FDCD41C501}"
EndProject
Project("{FAE04EC0-301F-11D3-BF4B-00C04F79EFBC}") = "Тесты", "Тесты\Тесты.csproj", "{6E6E5E39-7976-4441-912A-760DC8BB8C50}"
EndProject
Project("{FAE04EC0-301F-11D3-BF4B-00C04F79EFBC}") = "Logger", "Logger\Logger.csproj", "{B31EBF35-5627-4E1E-8424-128F41B6C574}"
EndProject
Global
	GlobalSection(SolutionConfigurationPlatforms) = preSolution
		Debug|Any CPU = Debug|Any CPU
		Release|Any CPU = Release|Any CPU
	EndGlobalSection
	GlobalSection(ProjectConfigurationPlatforms) = postSolution
		{2AE11E68-9584-4BA2-9F7A-63FDCD41C501}.Debug|Any CPU.ActiveCfg = Debug|Any CPU
		{2AE11E68-9584-4BA2-9F7A-63FDCD41C501}.Debug|Any CPU.Build.0 = Debug|Any CPU
		{2AE11E68-9584-4BA2-9F7A-63FDCD41C501}.Release|Any CPU.ActiveCfg = Release|Any CPU
		{2AE11E68-9584-4BA2-9F7A-63FDCD41C501}.Release|Any CPU.Build.0 = Release|Any CPU
		{6E6E5E39-7976-4441-912A-760DC8BB8C50}.Debug|Any CPU.ActiveCfg = Debug|Any CPU
		{6E6E5E39-7976-4441-912A-760DC8BB8C50}.Debug|Any CPU.Build.0 = Debug|Any CPU
		{6E6E5E39-7976-4441-912A-760DC8BB8C50}.Release|Any CPU.ActiveCfg = Release|Any CPU
		{6E6E5E39-7976-4441-912A-760DC8BB8C50}.Release|Any CPU.Build.0 = Release|Any CPU
		{B31EBF35-5627-4E1E-8424-128F41B6C574}.Debug|Any CPU.ActiveCfg = Debug|Any CPU
		{B31EBF35-5627-4E1E-8424-128F41B6C574}.Debug|Any CPU.Build.0 = Debug|Any CPU
		{B31EBF35-5627-4E1E-8424-128F41B6C574}.Release|Any CPU.ActiveCfg = Release|Any CPU
		{B31EBF35-5627-4E1E-8424-128F41B6C574}.Release|Any CPU.Build.0 = Release|Any CPU
	EndGlobalSection
	GlobalSection(SolutionProperties) = preSolution
		HideSolutionNode = FALSE
	EndGlobalSection
	GlobalSection(ExtensibilityGlobals) = postSolution
		SolutionGuid = {ABBB2644-0A06-428B-BB9E-E723582FC2C4}
	EndGlobalSection
EndGlobal
